
Microsoft Visual Studio Solution File, Format Version 12.00
# Visual Studio Version 17
VisualStudioVersion = 17.10.34928.147
MinimumVisualStudioVersion = 10.0.40219.1
Project("{FAE04EC0-301F-11D3-BF4B-00C04F79EFBC}") = "StudentsPortal.Web", "StudentsPortal.Web\StudentsPortal.Web.csproj", "{CC6027C5-F5CA-4208-A109-5667152F5126}"
EndProject
Global
	GlobalSection(SolutionConfigurationPlatforms) = preSolution
		Debug|Any CPU = Debug|Any CPU
		Release|Any CPU = Release|Any CPU
	EndGlobalSection
	GlobalSection(ProjectConfigurationPlatforms) = postSolution
		{CC6027C5-F5CA-4208-A109-5667152F5126}.Debug|Any CPU.ActiveCfg = Debug|Any CPU
		{CC6027C5-F5CA-4208-A109-5667152F5126}.Debug|Any CPU.Build.0 = Debug|Any CPU
		{CC6027C5-F5CA-4208-A109-5667152F5126}.Release|Any CPU.ActiveCfg = Release|Any CPU
		{CC6027C5-F5CA-4208-A109-5667152F5126}.Release|Any CPU.Build.0 = Release|Any CPU
	EndGlobalSection
	GlobalSection(SolutionProperties) = preSolution
		HideSolutionNode = FALSE
	EndGlobalSection
	GlobalSection(ExtensibilityGlobals) = postSolution
		SolutionGuid = {43652761-0185-472C-A4C7-B8F1B285F4BC}
	EndGlobalSection
EndGlobal
